
Microsoft Visual Studio Solution File, Format Version 11.00
# Visual Studio 2010
Project("{FAE04EC0-301F-11D3-BF4B-00C04F79EFBC}") = "NUnitTests", "NUnitTests\NUnitTests.csproj", "{C1E49CC8-2FBB-4BEC-9317-E574BC952821}"
EndProject
Global
	GlobalSection(SolutionConfigurationPlatforms) = preSolution
		Debug|Any CPU = Debug|Any CPU
		Release|Any CPU = Release|Any CPU
	EndGlobalSection
	GlobalSection(ProjectConfigurationPlatforms) = postSolution
		{C1E49CC8-2FBB-4BEC-9317-E574BC952821}.Debug|Any CPU.ActiveCfg = Debug|Any CPU
		{C1E49CC8-2FBB-4BEC-9317-E574BC952821}.Debug|Any CPU.Build.0 = Debug|Any CPU
		{C1E49CC8-2FBB-4BEC-9317-E574BC952821}.Release|Any CPU.ActiveCfg = Release|Any CPU
		{C1E49CC8-2FBB-4BEC-9317-E574BC952821}.Release|Any CPU.Build.0 = Release|Any CPU
	EndGlobalSection
	GlobalSection(MonoDevelopProperties) = preSolution
		StartupItem = NUnitTests\NUnitTests.csproj
	EndGlobalSection
EndGlobal
